
Microsoft Visual Studio Solution File, Format Version 12.00
# Visual Studio Version 16
VisualStudioVersion = 16.0.31105.61
MinimumVisualStudioVersion = 10.0.40219.1
Project("{FAE04EC0-301F-11D3-BF4B-00C04F79EFBC}") = "Zadanie1_1_6", "Zadanie1_6\Zadanie1_1_6.csproj", "{1DE3232C-95E6-4939-9FBE-BCA35DAFF66C}"
EndProject
Project("{FAE04EC0-301F-11D3-BF4B-00C04F79EFBC}") = "Zadanie1_1_1", "Zadanie1_1\Zadanie1_1_1.csproj", "{8EFC45D5-6038-455C-A135-3C82E1F5F2F1}"
EndProject
Project("{FAE04EC0-301F-11D3-BF4B-00C04F79EFBC}") = "Zadanie1_1_2", "Zadanie1_2\Zadanie1_1_2.csproj", "{4C1D3FBF-1AEB-4E91-802A-8C1B6D51C020}"
EndProject
Project("{FAE04EC0-301F-11D3-BF4B-00C04F79EFBC}") = "Zadanie1_1_5", "Zadanie1_5\Zadanie1_1_5.csproj", "{33564460-022C-4135-910B-4ABBF60F426B}"
EndProject
Project("{FAE04EC0-301F-11D3-BF4B-00C04F79EFBC}") = "Zadanie1_1_3", "Zadanie1_1_3\Zadanie1_1_3.csproj", "{C1473DD5-415A-4D6B-BA29-4DDDB3B48B30}"
EndProject
Project("{FAE04EC0-301F-11D3-BF4B-00C04F79EFBC}") = "Zadanie1_1_4", "Zadanie_1_1_4\Zadanie1_1_4.csproj", "{F3912502-83D9-4792-9C92-93217BB11C8D}"
EndProject
Project("{FAE04EC0-301F-11D3-BF4B-00C04F79EFBC}") = "Zadanie1_2_3", "Zadanie1_2_3\Zadanie1_2_3.csproj", "{37D78DD6-ED22-4F3C-8DCC-259C439A5044}"
EndProject
Project("{FAE04EC0-301F-11D3-BF4B-00C04F79EFBC}") = "Zadanie1_2_1", "Zadanie1_2_1\Zadanie1_2_1.csproj", "{4FD6E0F2-2EC2-4E78-B6AE-F2F5C66760D7}"
EndProject
Project("{FAE04EC0-301F-11D3-BF4B-00C04F79EFBC}") = "Zadanie1_2_4", "Zadanie1_2_4\Zadanie1_2_4.csproj", "{6527A264-EA2E-4EBA-B3F3-84BBED2DAFFE}"
EndProject
Project("{FAE04EC0-301F-11D3-BF4B-00C04F79EFBC}") = "Zadanie1_2_2", "Zadania1_2_2\Zadanie1_2_2.csproj", "{D39E6038-BC19-485E-A5C6-868B5885B345}"
EndProject
Project("{FAE04EC0-301F-11D3-BF4B-00C04F79EFBC}") = "Zadanie1_3_1", "Zadanie1_3_1\Zadanie1_3_1.csproj", "{691DDB15-EE18-404D-9253-E829C098D55C}"
EndProject
Project("{FAE04EC0-301F-11D3-BF4B-00C04F79EFBC}") = "Zadanie1_3_2", "Zadanie1_3_2\Zadanie1_3_2.csproj", "{40E34D8D-91C4-4187-AF3D-581BB98463ED}"
EndProject
Project("{FAE04EC0-301F-11D3-BF4B-00C04F79EFBC}") = "Zadanie1_3_3", "Zadanie1_3_3\Zadanie1_3_3.csproj", "{5FDBFF59-B54B-411E-9230-FD8EFB9F27B2}"
EndProject
Project("{FAE04EC0-301F-11D3-BF4B-00C04F79EFBC}") = "Zadanie1_3_4", "Zadanie1_3_4\Zadanie1_3_4.csproj", "{596E3275-7569-44EB-A278-30CE2D576B31}"
EndProject
Project("{FAE04EC0-301F-11D3-BF4B-00C04F79EFBC}") = "Zadanie1_3_5", "Zadanie1_3_5\Zadanie1_3_5.csproj", "{9E2EB995-A7A6-48B9-97F2-D04764A38114}"
EndProject
Project("{FAE04EC0-301F-11D3-BF4B-00C04F79EFBC}") = "Zadanie1_3_6", "Zadanie1_3_6\Zadanie1_3_6.csproj", "{3640C4B6-891A-4DA6-BFF8-33BD9AD34A6A}"
EndProject
Project("{FAE04EC0-301F-11D3-BF4B-00C04F79EFBC}") = "Zadanie1_3_7", "Zadanie1_3_7\Zadanie1_3_7.csproj", "{09C671FF-AD5B-4A06-BD6B-A87B346BB3C2}"
EndProject
Project("{FAE04EC0-301F-11D3-BF4B-00C04F79EFBC}") = "Zadanie1_3_8", "Zadanie1_3_8\Zadanie1_3_8.csproj", "{E7064BF7-8352-46FD-8994-77971291D374}"
EndProject
Project("{FAE04EC0-301F-11D3-BF4B-00C04F79EFBC}") = "Zadanie1_4_1", "Zadanie1_4_1\Zadanie1_4_1.csproj", "{375F7969-8302-42D8-95CA-330F8C27D2CF}"
EndProject
Project("{FAE04EC0-301F-11D3-BF4B-00C04F79EFBC}") = "Zadanie1_4_2", "Zadanie1_4_2\Zadanie1_4_2.csproj", "{2F69FDA8-61AF-4AEF-8FE2-286793FC7390}"
EndProject
Project("{9A19103F-16F7-4668-BE54-9A1E7A4F7556}") = "Zadanie2_1_1", "Zadanie2_1_1\Zadanie2_1_1.csproj", "{1000BCA1-11E8-458B-85E0-7F2B61C52C73}"
EndProject
Project("{9A19103F-16F7-4668-BE54-9A1E7A4F7556}") = "Zadanie2_1_2", "Zadanie2_1_2\Zadanie2_1_2.csproj", "{A5115A0A-7480-4AC7-BF68-684493667FBB}"
EndProject
Project("{FAE04EC0-301F-11D3-BF4B-00C04F79EFBC}") = "SmoothProgressBar", "SmoothProgressBar\SmoothProgressBar.csproj", "{9E651B00-486D-4A2E-B559-E101C00A5360}"
EndProject
Project("{FAE04EC0-301F-11D3-BF4B-00C04F79EFBC}") = "Zadanie2_1_4", "Zadanie2_1_4\Zadanie2_1_4.csproj", "{8E6A9EFC-E73D-4C27-BF8B-32E1A966697A}"
EndProject
Project("{FAE04EC0-301F-11D3-BF4B-00C04F79EFBC}") = "Zadanie2_1_7", "Zadanie2_1_7\Zadanie2_1_7.csproj", "{1BE944F2-EE12-4C1D-832A-BABB9879DC5D}"
EndProject
Project("{FAE04EC0-301F-11D3-BF4B-00C04F79EFBC}") = "Zadanie2_2_1", "Zadanie2_2_1\Zadanie2_2_1.csproj", "{57A6ECE3-39F0-4A8F-B86B-385E9C6BAD01}"
EndProject
Project("{FAE04EC0-301F-11D3-BF4B-00C04F79EFBC}") = "Zadanie2_2_2", "Zadanie2_2_2\Zadanie2_2_2.csproj", "{10CE5DA6-4665-4543-AF36-8492C1A55495}"
EndProject
Project("{FAE04EC0-301F-11D3-BF4B-00C04F79EFBC}") = "Zadanie2_3_1", "Zadanie2_3_1\Zadanie2_3_1.csproj", "{24581E85-75CE-4040-947D-0E3C5AE4C453}"
EndProject
Project("{FAE04EC0-301F-11D3-BF4B-00C04F79EFBC}") = "Zadanie2_3_3_1", "Zadanie2_3_3_1\Zadanie2_3_3_1.csproj", "{52DC91AD-29F4-4280-91EB-64483A31245D}"
EndProject
Project("{FAE04EC0-301F-11D3-BF4B-00C04F79EFBC}") = "Zadanie2_3_3_2", "Zadanie2_3_3_2\Zadanie2_3_3_2.csproj", "{CC855473-3489-4552-BFCF-C81707D0644B}"
EndProject
Project("{FAE04EC0-301F-11D3-BF4B-00C04F79EFBC}") = "Zadanie2_3_8", "Zadanie2_3_8\Zadanie2_3_8.csproj", "{164BA3B4-6AA4-453D-97F8-054A52B86738}"
EndProject
Project("{FAE04EC0-301F-11D3-BF4B-00C04F79EFBC}") = "Zadanie2_3_2", "Zadanie2_3_2\Zadanie2_3_2.csproj", "{A7B10F0F-9278-4270-8AB5-DBFA71E3A1F9}"
EndProject
Project("{FAE04EC0-301F-11D3-BF4B-00C04F79EFBC}") = "Zadanie2_3_10", "Zadanie2_3_10\Zadanie2_3_10.csproj", "{A2F3B772-4200-44F2-B174-6F65C1628A32}"
EndProject
Project("{FAE04EC0-301F-11D3-BF4B-00C04F79EFBC}") = "Zadanie2_3_11", "Zadanie2_3_11\Zadanie2_3_11.csproj", "{E977EE1E-87B5-497F-AC5A-5EDBC21F848C}"
EndProject
Project("{FAE04EC0-301F-11D3-BF4B-00C04F79EFBC}") = "Zadanie2_3_4", "Zadanie2_3_4\Zadanie2_3_4.csproj", "{A3B2C1FA-CB7A-4A7C-BD4A-1B1864218702}"
EndProject
Project("{FAE04EC0-301F-11D3-BF4B-00C04F79EFBC}") = "Zadanie2_3_9", "Zadanie2_3_9\Zadanie2_3_9.csproj", "{72A8D6D9-B222-4553-83AF-DD2402A3BBB6}"
EndProject
Project("{FAE04EC0-301F-11D3-BF4B-00C04F79EFBC}") = "Zadanie2_4_3", "Zadanie2_4_3\Zadanie2_4_3.csproj", "{479EBDDF-173A-483A-B872-790BD39F28C1}"
EndProject
Project("{FAE04EC0-301F-11D3-BF4B-00C04F79EFBC}") = "Zadanie2_4_4", "Zadanie2_4_4\Zadanie2_4_4.csproj", "{73740010-058C-4631-81A7-706389AAC853}"
EndProject
Project("{FAE04EC0-301F-11D3-BF4B-00C04F79EFBC}") = "Zadanie2_4_5", "Zadanie2_4_5\Zadanie2_4_5.csproj", "{8ED3CE80-D889-4ECD-8809-78C0D0FBA046}"
EndProject
Project("{FAE04EC0-301F-11D3-BF4B-00C04F79EFBC}") = "Zadanie1_5_1", "Zadanie1_5_1\Zadanie1_5_1.csproj", "{6311ED68-A2CF-4AD5-884E-7B7D971B322F}"
EndProject
Project("{FAE04EC0-301F-11D3-BF4B-00C04F79EFBC}") = "Zadanie1_5_2", "Zadanie1_5_2\Zadanie1_5_2.csproj", "{9984ACFC-025B-4FE9-BF28-CA4B44847582}"
EndProject
Project("{8BC9CEB8-8B4A-11D0-8D11-00A0C91BC942}") = "Zadanie1_5_2_dll", "Zadanie1_5_2_dll\Zadanie1_5_2_dll.vcxproj", "{3D324AEA-2EC6-45C9-AAC5-E0E04CFA5B38}"
EndProject
Project("{FAE04EC0-301F-11D3-BF4B-00C04F79EFBC}") = "Zadanie1_5_3", "Zadanie1_5_3\Zadanie1_5_3.csproj", "{94B29C23-762C-4CDA-A36A-B180E0551298}"
EndProject
Project("{8BC9CEB8-8B4A-11D0-8D11-00A0C91BC942}") = "Zadanie1_5_3_dll", "Zadanie1_5_3_dll\Zadanie1_5_3_dll.vcxproj", "{CAB85E25-4E51-4B9B-95EB-D5B1378EF100}"
EndProject
Global
	GlobalSection(SolutionConfigurationPlatforms) = preSolution
		Debug|Any CPU = Debug|Any CPU
		Debug|x64 = Debug|x64
		Debug|x86 = Debug|x86
		Release|Any CPU = Release|Any CPU
		Release|x64 = Release|x64
		Release|x86 = Release|x86
	EndGlobalSection
	GlobalSection(ProjectConfigurationPlatforms) = postSolution
		{1DE3232C-95E6-4939-9FBE-BCA35DAFF66C}.Debug|Any CPU.ActiveCfg = Debug|Any CPU
		{1DE3232C-95E6-4939-9FBE-BCA35DAFF66C}.Debug|Any CPU.Build.0 = Debug|Any CPU
		{1DE3232C-95E6-4939-9FBE-BCA35DAFF66C}.Debug|x64.ActiveCfg = Debug|Any CPU
		{1DE3232C-95E6-4939-9FBE-BCA35DAFF66C}.Debug|x64.Build.0 = Debug|Any CPU
		{1DE3232C-95E6-4939-9FBE-BCA35DAFF66C}.Debug|x86.ActiveCfg = Debug|Any CPU
		{1DE3232C-95E6-4939-9FBE-BCA35DAFF66C}.Debug|x86.Build.0 = Debug|Any CPU
		{1DE3232C-95E6-4939-9FBE-BCA35DAFF66C}.Release|Any CPU.ActiveCfg = Release|Any CPU
		{1DE3232C-95E6-4939-9FBE-BCA35DAFF66C}.Release|Any CPU.Build.0 = Release|Any CPU
		{1DE3232C-95E6-4939-9FBE-BCA35DAFF66C}.Release|x64.ActiveCfg = Release|Any CPU
		{1DE3232C-95E6-4939-9FBE-BCA35DAFF66C}.Release|x64.Build.0 = Release|Any CPU
		{1DE3232C-95E6-4939-9FBE-BCA35DAFF66C}.Release|x86.ActiveCfg = Release|Any CPU
		{1DE3232C-95E6-4939-9FBE-BCA35DAFF66C}.Release|x86.Build.0 = Release|Any CPU
		{8EFC45D5-6038-455C-A135-3C82E1F5F2F1}.Debug|Any CPU.ActiveCfg = Debug|Any CPU
		{8EFC45D5-6038-455C-A135-3C82E1F5F2F1}.Debug|Any CPU.Build.0 = Debug|Any CPU
		{8EFC45D5-6038-455C-A135-3C82E1F5F2F1}.Debug|x64.ActiveCfg = Debug|Any CPU
		{8EFC45D5-6038-455C-A135-3C82E1F5F2F1}.Debug|x64.Build.0 = Debug|Any CPU
		{8EFC45D5-6038-455C-A135-3C82E1F5F2F1}.Debug|x86.ActiveCfg = Debug|Any CPU
		{8EFC45D5-6038-455C-A135-3C82E1F5F2F1}.Debug|x86.Build.0 = Debug|Any CPU
		{8EFC45D5-6038-455C-A135-3C82E1F5F2F1}.Release|Any CPU.ActiveCfg = Release|Any CPU
		{8EFC45D5-6038-455C-A135-3C82E1F5F2F1}.Release|Any CPU.Build.0 = Release|Any CPU
		{8EFC45D5-6038-455C-A135-3C82E1F5F2F1}.Release|x64.ActiveCfg = Release|Any CPU
		{8EFC45D5-6038-455C-A135-3C82E1F5F2F1}.Release|x64.Build.0 = Release|Any CPU
		{8EFC45D5-6038-455C-A135-3C82E1F5F2F1}.Release|x86.ActiveCfg = Release|Any CPU
		{8EFC45D5-6038-455C-A135-3C82E1F5F2F1}.Release|x86.Build.0 = Release|Any CPU
		{4C1D3FBF-1AEB-4E91-802A-8C1B6D51C020}.Debug|Any CPU.ActiveCfg = Debug|Any CPU
		{4C1D3FBF-1AEB-4E91-802A-8C1B6D51C020}.Debug|Any CPU.Build.0 = Debug|Any CPU
		{4C1D3FBF-1AEB-4E91-802A-8C1B6D51C020}.Debug|x64.ActiveCfg = Debug|Any CPU
		{4C1D3FBF-1AEB-4E91-802A-8C1B6D51C020}.Debug|x64.Build.0 = Debug|Any CPU
		{4C1D3FBF-1AEB-4E91-802A-8C1B6D51C020}.Debug|x86.ActiveCfg = Debug|Any CPU
		{4C1D3FBF-1AEB-4E91-802A-8C1B6D51C020}.Debug|x86.Build.0 = Debug|Any CPU
		{4C1D3FBF-1AEB-4E91-802A-8C1B6D51C020}.Release|Any CPU.ActiveCfg = Release|Any CPU
		{4C1D3FBF-1AEB-4E91-802A-8C1B6D51C020}.Release|Any CPU.Build.0 = Release|Any CPU
		{4C1D3FBF-1AEB-4E91-802A-8C1B6D51C020}.Release|x64.ActiveCfg = Release|Any CPU
		{4C1D3FBF-1AEB-4E91-802A-8C1B6D51C020}.Release|x64.Build.0 = Release|Any CPU
		{4C1D3FBF-1AEB-4E91-802A-8C1B6D51C020}.Release|x86.ActiveCfg = Release|Any CPU
		{4C1D3FBF-1AEB-4E91-802A-8C1B6D51C020}.Release|x86.Build.0 = Release|Any CPU
		{33564460-022C-4135-910B-4ABBF60F426B}.Debug|Any CPU.ActiveCfg = Debug|Any CPU
		{33564460-022C-4135-910B-4ABBF60F426B}.Debug|Any CPU.Build.0 = Debug|Any CPU
		{33564460-022C-4135-910B-4ABBF60F426B}.Debug|x64.ActiveCfg = Debug|Any CPU
		{33564460-022C-4135-910B-4ABBF60F426B}.Debug|x64.Build.0 = Debug|Any CPU
		{33564460-022C-4135-910B-4ABBF60F426B}.Debug|x86.ActiveCfg = Debug|Any CPU
		{33564460-022C-4135-910B-4ABBF60F426B}.Debug|x86.Build.0 = Debug|Any CPU
		{33564460-022C-4135-910B-4ABBF60F426B}.Release|Any CPU.ActiveCfg = Release|Any CPU
		{33564460-022C-4135-910B-4ABBF60F426B}.Release|Any CPU.Build.0 = Release|Any CPU
		{33564460-022C-4135-910B-4ABBF60F426B}.Release|x64.ActiveCfg = Release|Any CPU
		{33564460-022C-4135-910B-4ABBF60F426B}.Release|x64.Build.0 = Release|Any CPU
		{33564460-022C-4135-910B-4ABBF60F426B}.Release|x86.ActiveCfg = Release|Any CPU
		{33564460-022C-4135-910B-4ABBF60F426B}.Release|x86.Build.0 = Release|Any CPU
		{C1473DD5-415A-4D6B-BA29-4DDDB3B48B30}.Debug|Any CPU.ActiveCfg = Debug|Any CPU
		{C1473DD5-415A-4D6B-BA29-4DDDB3B48B30}.Debug|Any CPU.Build.0 = Debug|Any CPU
		{C1473DD5-415A-4D6B-BA29-4DDDB3B48B30}.Debug|x64.ActiveCfg = Debug|Any CPU
		{C1473DD5-415A-4D6B-BA29-4DDDB3B48B30}.Debug|x64.Build.0 = Debug|Any CPU
		{C1473DD5-415A-4D6B-BA29-4DDDB3B48B30}.Debug|x86.ActiveCfg = Debug|Any CPU
		{C1473DD5-415A-4D6B-BA29-4DDDB3B48B30}.Debug|x86.Build.0 = Debug|Any CPU
		{C1473DD5-415A-4D6B-BA29-4DDDB3B48B30}.Release|Any CPU.ActiveCfg = Release|Any CPU
		{C1473DD5-415A-4D6B-BA29-4DDDB3B48B30}.Release|Any CPU.Build.0 = Release|Any CPU
		{C1473DD5-415A-4D6B-BA29-4DDDB3B48B30}.Release|x64.ActiveCfg = Release|Any CPU
		{C1473DD5-415A-4D6B-BA29-4DDDB3B48B30}.Release|x64.Build.0 = Release|Any CPU
		{C1473DD5-415A-4D6B-BA29-4DDDB3B48B30}.Release|x86.ActiveCfg = Release|Any CPU
		{C1473DD5-415A-4D6B-BA29-4DDDB3B48B30}.Release|x86.Build.0 = Release|Any CPU
		{F3912502-83D9-4792-9C92-93217BB11C8D}.Debug|Any CPU.ActiveCfg = Debug|Any CPU
		{F3912502-83D9-4792-9C92-93217BB11C8D}.Debug|Any CPU.Build.0 = Debug|Any CPU
		{F3912502-83D9-4792-9C92-93217BB11C8D}.Debug|x64.ActiveCfg = Debug|Any CPU
		{F3912502-83D9-4792-9C92-93217BB11C8D}.Debug|x64.Build.0 = Debug|Any CPU
		{F3912502-83D9-4792-9C92-93217BB11C8D}.Debug|x86.ActiveCfg = Debug|Any CPU
		{F3912502-83D9-4792-9C92-93217BB11C8D}.Debug|x86.Build.0 = Debug|Any CPU
		{F3912502-83D9-4792-9C92-93217BB11C8D}.Release|Any CPU.ActiveCfg = Release|Any CPU
		{F3912502-83D9-4792-9C92-93217BB11C8D}.Release|Any CPU.Build.0 = Release|Any CPU
		{F3912502-83D9-4792-9C92-93217BB11C8D}.Release|x64.ActiveCfg = Release|Any CPU
		{F3912502-83D9-4792-9C92-93217BB11C8D}.Release|x64.Build.0 = Release|Any CPU
		{F3912502-83D9-4792-9C92-93217BB11C8D}.Release|x86.ActiveCfg = Release|Any CPU
		{F3912502-83D9-4792-9C92-93217BB11C8D}.Release|x86.Build.0 = Release|Any CPU
		{37D78DD6-ED22-4F3C-8DCC-259C439A5044}.Debug|Any CPU.ActiveCfg = Debug|Any CPU
		{37D78DD6-ED22-4F3C-8DCC-259C439A5044}.Debug|Any CPU.Build.0 = Debug|Any CPU
		{37D78DD6-ED22-4F3C-8DCC-259C439A5044}.Debug|x64.ActiveCfg = Debug|Any CPU
		{37D78DD6-ED22-4F3C-8DCC-259C439A5044}.Debug|x64.Build.0 = Debug|Any CPU
		{37D78DD6-ED22-4F3C-8DCC-259C439A5044}.Debug|x86.ActiveCfg = Debug|Any CPU
		{37D78DD6-ED22-4F3C-8DCC-259C439A5044}.Debug|x86.Build.0 = Debug|Any CPU
		{37D78DD6-ED22-4F3C-8DCC-259C439A5044}.Release|Any CPU.ActiveCfg = Release|Any CPU
		{37D78DD6-ED22-4F3C-8DCC-259C439A5044}.Release|Any CPU.Build.0 = Release|Any CPU
		{37D78DD6-ED22-4F3C-8DCC-259C439A5044}.Release|x64.ActiveCfg = Release|Any CPU
		{37D78DD6-ED22-4F3C-8DCC-259C439A5044}.Release|x64.Build.0 = Release|Any CPU
		{37D78DD6-ED22-4F3C-8DCC-259C439A5044}.Release|x86.ActiveCfg = Release|Any CPU
		{37D78DD6-ED22-4F3C-8DCC-259C439A5044}.Release|x86.Build.0 = Release|Any CPU
		{4FD6E0F2-2EC2-4E78-B6AE-F2F5C66760D7}.Debug|Any CPU.ActiveCfg = Debug|Any CPU
		{4FD6E0F2-2EC2-4E78-B6AE-F2F5C66760D7}.Debug|Any CPU.Build.0 = Debug|Any CPU
		{4FD6E0F2-2EC2-4E78-B6AE-F2F5C66760D7}.Debug|x64.ActiveCfg = Debug|Any CPU
		{4FD6E0F2-2EC2-4E78-B6AE-F2F5C66760D7}.Debug|x64.Build.0 = Debug|Any CPU
		{4FD6E0F2-2EC2-4E78-B6AE-F2F5C66760D7}.Debug|x86.ActiveCfg = Debug|Any CPU
		{4FD6E0F2-2EC2-4E78-B6AE-F2F5C66760D7}.Debug|x86.Build.0 = Debug|Any CPU
		{4FD6E0F2-2EC2-4E78-B6AE-F2F5C66760D7}.Release|Any CPU.ActiveCfg = Release|Any CPU
		{4FD6E0F2-2EC2-4E78-B6AE-F2F5C66760D7}.Release|Any CPU.Build.0 = Release|Any CPU
		{4FD6E0F2-2EC2-4E78-B6AE-F2F5C66760D7}.Release|x64.ActiveCfg = Release|Any CPU
		{4FD6E0F2-2EC2-4E78-B6AE-F2F5C66760D7}.Release|x64.Build.0 = Release|Any CPU
		{4FD6E0F2-2EC2-4E78-B6AE-F2F5C66760D7}.Release|x86.ActiveCfg = Release|Any CPU
		{4FD6E0F2-2EC2-4E78-B6AE-F2F5C66760D7}.Release|x86.Build.0 = Release|Any CPU
		{6527A264-EA2E-4EBA-B3F3-84BBED2DAFFE}.Debug|Any CPU.ActiveCfg = Debug|Any CPU
		{6527A264-EA2E-4EBA-B3F3-84BBED2DAFFE}.Debug|Any CPU.Build.0 = Debug|Any CPU
		{6527A264-EA2E-4EBA-B3F3-84BBED2DAFFE}.Debug|x64.ActiveCfg = Debug|Any CPU
		{6527A264-EA2E-4EBA-B3F3-84BBED2DAFFE}.Debug|x64.Build.0 = Debug|Any CPU
		{6527A264-EA2E-4EBA-B3F3-84BBED2DAFFE}.Debug|x86.ActiveCfg = Debug|Any CPU
		{6527A264-EA2E-4EBA-B3F3-84BBED2DAFFE}.Debug|x86.Build.0 = Debug|Any CPU
		{6527A264-EA2E-4EBA-B3F3-84BBED2DAFFE}.Release|Any CPU.ActiveCfg = Release|Any CPU
		{6527A264-EA2E-4EBA-B3F3-84BBED2DAFFE}.Release|Any CPU.Build.0 = Release|Any CPU
		{6527A264-EA2E-4EBA-B3F3-84BBED2DAFFE}.Release|x64.ActiveCfg = Release|Any CPU
		{6527A264-EA2E-4EBA-B3F3-84BBED2DAFFE}.Release|x64.Build.0 = Release|Any CPU
		{6527A264-EA2E-4EBA-B3F3-84BBED2DAFFE}.Release|x86.ActiveCfg = Release|Any CPU
		{6527A264-EA2E-4EBA-B3F3-84BBED2DAFFE}.Release|x86.Build.0 = Release|Any CPU
		{D39E6038-BC19-485E-A5C6-868B5885B345}.Debug|Any CPU.ActiveCfg = Debug|Any CPU
		{D39E6038-BC19-485E-A5C6-868B5885B345}.Debug|Any CPU.Build.0 = Debug|Any CPU
		{D39E6038-BC19-485E-A5C6-868B5885B345}.Debug|x64.ActiveCfg = Debug|Any CPU
		{D39E6038-BC19-485E-A5C6-868B5885B345}.Debug|x64.Build.0 = Debug|Any CPU
		{D39E6038-BC19-485E-A5C6-868B5885B345}.Debug|x86.ActiveCfg = Debug|Any CPU
		{D39E6038-BC19-485E-A5C6-868B5885B345}.Debug|x86.Build.0 = Debug|Any CPU
		{D39E6038-BC19-485E-A5C6-868B5885B345}.Release|Any CPU.ActiveCfg = Release|Any CPU
		{D39E6038-BC19-485E-A5C6-868B5885B345}.Release|Any CPU.Build.0 = Release|Any CPU
		{D39E6038-BC19-485E-A5C6-868B5885B345}.Release|x64.ActiveCfg = Release|Any CPU
		{D39E6038-BC19-485E-A5C6-868B5885B345}.Release|x64.Build.0 = Release|Any CPU
		{D39E6038-BC19-485E-A5C6-868B5885B345}.Release|x86.ActiveCfg = Release|Any CPU
		{D39E6038-BC19-485E-A5C6-868B5885B345}.Release|x86.Build.0 = Release|Any CPU
		{691DDB15-EE18-404D-9253-E829C098D55C}.Debug|Any CPU.ActiveCfg = Debug|Any CPU
		{691DDB15-EE18-404D-9253-E829C098D55C}.Debug|Any CPU.Build.0 = Debug|Any CPU
		{691DDB15-EE18-404D-9253-E829C098D55C}.Debug|x64.ActiveCfg = Debug|Any CPU
		{691DDB15-EE18-404D-9253-E829C098D55C}.Debug|x64.Build.0 = Debug|Any CPU
		{691DDB15-EE18-404D-9253-E829C098D55C}.Debug|x86.ActiveCfg = Debug|Any CPU
		{691DDB15-EE18-404D-9253-E829C098D55C}.Debug|x86.Build.0 = Debug|Any CPU
		{691DDB15-EE18-404D-9253-E829C098D55C}.Release|Any CPU.ActiveCfg = Release|Any CPU
		{691DDB15-EE18-404D-9253-E829C098D55C}.Release|Any CPU.Build.0 = Release|Any CPU
		{691DDB15-EE18-404D-9253-E829C098D55C}.Release|x64.ActiveCfg = Release|Any CPU
		{691DDB15-EE18-404D-9253-E829C098D55C}.Release|x64.Build.0 = Release|Any CPU
		{691DDB15-EE18-404D-9253-E829C098D55C}.Release|x86.ActiveCfg = Release|Any CPU
		{691DDB15-EE18-404D-9253-E829C098D55C}.Release|x86.Build.0 = Release|Any CPU
		{40E34D8D-91C4-4187-AF3D-581BB98463ED}.Debug|Any CPU.ActiveCfg = Debug|Any CPU
		{40E34D8D-91C4-4187-AF3D-581BB98463ED}.Debug|Any CPU.Build.0 = Debug|Any CPU
		{40E34D8D-91C4-4187-AF3D-581BB98463ED}.Debug|x64.ActiveCfg = Debug|Any CPU
		{40E34D8D-91C4-4187-AF3D-581BB98463ED}.Debug|x64.Build.0 = Debug|Any CPU
		{40E34D8D-91C4-4187-AF3D-581BB98463ED}.Debug|x86.ActiveCfg = Debug|Any CPU
		{40E34D8D-91C4-4187-AF3D-581BB98463ED}.Debug|x86.Build.0 = Debug|Any CPU
		{40E34D8D-91C4-4187-AF3D-581BB98463ED}.Release|Any CPU.ActiveCfg = Release|Any CPU
		{40E34D8D-91C4-4187-AF3D-581BB98463ED}.Release|Any CPU.Build.0 = Release|Any CPU
		{40E34D8D-91C4-4187-AF3D-581BB98463ED}.Release|x64.ActiveCfg = Release|Any CPU
		{40E34D8D-91C4-4187-AF3D-581BB98463ED}.Release|x64.Build.0 = Release|Any CPU
		{40E34D8D-91C4-4187-AF3D-581BB98463ED}.Release|x86.ActiveCfg = Release|Any CPU
		{40E34D8D-91C4-4187-AF3D-581BB98463ED}.Release|x86.Build.0 = Release|Any CPU
		{5FDBFF59-B54B-411E-9230-FD8EFB9F27B2}.Debug|Any CPU.ActiveCfg = Debug|Any CPU
		{5FDBFF59-B54B-411E-9230-FD8EFB9F27B2}.Debug|Any CPU.Build.0 = Debug|Any CPU
		{5FDBFF59-B54B-411E-9230-FD8EFB9F27B2}.Debug|x64.ActiveCfg = Debug|Any CPU
		{5FDBFF59-B54B-411E-9230-FD8EFB9F27B2}.Debug|x64.Build.0 = Debug|Any CPU
		{5FDBFF59-B54B-411E-9230-FD8EFB9F27B2}.Debug|x86.ActiveCfg = Debug|Any CPU
		{5FDBFF59-B54B-411E-9230-FD8EFB9F27B2}.Debug|x86.Build.0 = Debug|Any CPU
		{5FDBFF59-B54B-411E-9230-FD8EFB9F27B2}.Release|Any CPU.ActiveCfg = Release|Any CPU
		{5FDBFF59-B54B-411E-9230-FD8EFB9F27B2}.Release|Any CPU.Build.0 = Release|Any CPU
		{5FDBFF59-B54B-411E-9230-FD8EFB9F27B2}.Release|x64.ActiveCfg = Release|Any CPU
		{5FDBFF59-B54B-411E-9230-FD8EFB9F27B2}.Release|x64.Build.0 = Release|Any CPU
		{5FDBFF59-B54B-411E-9230-FD8EFB9F27B2}.Release|x86.ActiveCfg = Release|Any CPU
		{5FDBFF59-B54B-411E-9230-FD8EFB9F27B2}.Release|x86.Build.0 = Release|Any CPU
		{596E3275-7569-44EB-A278-30CE2D576B31}.Debug|Any CPU.ActiveCfg = Debug|Any CPU
		{596E3275-7569-44EB-A278-30CE2D576B31}.Debug|Any CPU.Build.0 = Debug|Any CPU
		{596E3275-7569-44EB-A278-30CE2D576B31}.Debug|x64.ActiveCfg = Debug|Any CPU
		{596E3275-7569-44EB-A278-30CE2D576B31}.Debug|x64.Build.0 = Debug|Any CPU
		{596E3275-7569-44EB-A278-30CE2D576B31}.Debug|x86.ActiveCfg = Debug|Any CPU
		{596E3275-7569-44EB-A278-30CE2D576B31}.Debug|x86.Build.0 = Debug|Any CPU
		{596E3275-7569-44EB-A278-30CE2D576B31}.Release|Any CPU.ActiveCfg = Release|Any CPU
		{596E3275-7569-44EB-A278-30CE2D576B31}.Release|Any CPU.Build.0 = Release|Any CPU
		{596E3275-7569-44EB-A278-30CE2D576B31}.Release|x64.ActiveCfg = Release|Any CPU
		{596E3275-7569-44EB-A278-30CE2D576B31}.Release|x64.Build.0 = Release|Any CPU
		{596E3275-7569-44EB-A278-30CE2D576B31}.Release|x86.ActiveCfg = Release|Any CPU
		{596E3275-7569-44EB-A278-30CE2D576B31}.Release|x86.Build.0 = Release|Any CPU
		{9E2EB995-A7A6-48B9-97F2-D04764A38114}.Debug|Any CPU.ActiveCfg = Debug|Any CPU
		{9E2EB995-A7A6-48B9-97F2-D04764A38114}.Debug|Any CPU.Build.0 = Debug|Any CPU
		{9E2EB995-A7A6-48B9-97F2-D04764A38114}.Debug|x64.ActiveCfg = Debug|Any CPU
		{9E2EB995-A7A6-48B9-97F2-D04764A38114}.Debug|x64.Build.0 = Debug|Any CPU
		{9E2EB995-A7A6-48B9-97F2-D04764A38114}.Debug|x86.ActiveCfg = Debug|Any CPU
		{9E2EB995-A7A6-48B9-97F2-D04764A38114}.Debug|x86.Build.0 = Debug|Any CPU
		{9E2EB995-A7A6-48B9-97F2-D04764A38114}.Release|Any CPU.ActiveCfg = Release|Any CPU
		{9E2EB995-A7A6-48B9-97F2-D04764A38114}.Release|Any CPU.Build.0 = Release|Any CPU
		{9E2EB995-A7A6-48B9-97F2-D04764A38114}.Release|x64.ActiveCfg = Release|Any CPU
		{9E2EB995-A7A6-48B9-97F2-D04764A38114}.Release|x64.Build.0 = Release|Any CPU
		{9E2EB995-A7A6-48B9-97F2-D04764A38114}.Release|x86.ActiveCfg = Release|Any CPU
		{9E2EB995-A7A6-48B9-97F2-D04764A38114}.Release|x86.Build.0 = Release|Any CPU
		{3640C4B6-891A-4DA6-BFF8-33BD9AD34A6A}.Debug|Any CPU.ActiveCfg = Debug|Any CPU
		{3640C4B6-891A-4DA6-BFF8-33BD9AD34A6A}.Debug|Any CPU.Build.0 = Debug|Any CPU
		{3640C4B6-891A-4DA6-BFF8-33BD9AD34A6A}.Debug|x64.ActiveCfg = Debug|Any CPU
		{3640C4B6-891A-4DA6-BFF8-33BD9AD34A6A}.Debug|x64.Build.0 = Debug|Any CPU
		{3640C4B6-891A-4DA6-BFF8-33BD9AD34A6A}.Debug|x86.ActiveCfg = Debug|Any CPU
		{3640C4B6-891A-4DA6-BFF8-33BD9AD34A6A}.Debug|x86.Build.0 = Debug|Any CPU
		{3640C4B6-891A-4DA6-BFF8-33BD9AD34A6A}.Release|Any CPU.ActiveCfg = Release|Any CPU
		{3640C4B6-891A-4DA6-BFF8-33BD9AD34A6A}.Release|Any CPU.Build.0 = Release|Any CPU
		{3640C4B6-891A-4DA6-BFF8-33BD9AD34A6A}.Release|x64.ActiveCfg = Release|Any CPU
		{3640C4B6-891A-4DA6-BFF8-33BD9AD34A6A}.Release|x64.Build.0 = Release|Any CPU
		{3640C4B6-891A-4DA6-BFF8-33BD9AD34A6A}.Release|x86.ActiveCfg = Release|Any CPU
		{3640C4B6-891A-4DA6-BFF8-33BD9AD34A6A}.Release|x86.Build.0 = Release|Any CPU
		{09C671FF-AD5B-4A06-BD6B-A87B346BB3C2}.Debug|Any CPU.ActiveCfg = Debug|Any CPU
		{09C671FF-AD5B-4A06-BD6B-A87B346BB3C2}.Debug|Any CPU.Build.0 = Debug|Any CPU
		{09C671FF-AD5B-4A06-BD6B-A87B346BB3C2}.Debug|x64.ActiveCfg = Debug|Any CPU
		{09C671FF-AD5B-4A06-BD6B-A87B346BB3C2}.Debug|x64.Build.0 = Debug|Any CPU
		{09C671FF-AD5B-4A06-BD6B-A87B346BB3C2}.Debug|x86.ActiveCfg = Debug|Any CPU
		{09C671FF-AD5B-4A06-BD6B-A87B346BB3C2}.Debug|x86.Build.0 = Debug|Any CPU
		{09C671FF-AD5B-4A06-BD6B-A87B346BB3C2}.Release|Any CPU.ActiveCfg = Release|Any CPU
		{09C671FF-AD5B-4A06-BD6B-A87B346BB3C2}.Release|Any CPU.Build.0 = Release|Any CPU
		{09C671FF-AD5B-4A06-BD6B-A87B346BB3C2}.Release|x64.ActiveCfg = Release|Any CPU
		{09C671FF-AD5B-4A06-BD6B-A87B346BB3C2}.Release|x64.Build.0 = Release|Any CPU
		{09C671FF-AD5B-4A06-BD6B-A87B346BB3C2}.Release|x86.ActiveCfg = Release|Any CPU
		{09C671FF-AD5B-4A06-BD6B-A87B346BB3C2}.Release|x86.Build.0 = Release|Any CPU
		{E7064BF7-8352-46FD-8994-77971291D374}.Debug|Any CPU.ActiveCfg = Debug|Any CPU
		{E7064BF7-8352-46FD-8994-77971291D374}.Debug|Any CPU.Build.0 = Debug|Any CPU
		{E7064BF7-8352-46FD-8994-77971291D374}.Debug|x64.ActiveCfg = Debug|Any CPU
		{E7064BF7-8352-46FD-8994-77971291D374}.Debug|x64.Build.0 = Debug|Any CPU
		{E7064BF7-8352-46FD-8994-77971291D374}.Debug|x86.ActiveCfg = Debug|Any CPU
		{E7064BF7-8352-46FD-8994-77971291D374}.Debug|x86.Build.0 = Debug|Any CPU
		{E7064BF7-8352-46FD-8994-77971291D374}.Release|Any CPU.ActiveCfg = Release|Any CPU
		{E7064BF7-8352-46FD-8994-77971291D374}.Release|Any CPU.Build.0 = Release|Any CPU
		{E7064BF7-8352-46FD-8994-77971291D374}.Release|x64.ActiveCfg = Release|Any CPU
		{E7064BF7-8352-46FD-8994-77971291D374}.Release|x64.Build.0 = Release|Any CPU
		{E7064BF7-8352-46FD-8994-77971291D374}.Release|x86.ActiveCfg = Release|Any CPU
		{E7064BF7-8352-46FD-8994-77971291D374}.Release|x86.Build.0 = Release|Any CPU
		{375F7969-8302-42D8-95CA-330F8C27D2CF}.Debug|Any CPU.ActiveCfg = Debug|Any CPU
		{375F7969-8302-42D8-95CA-330F8C27D2CF}.Debug|Any CPU.Build.0 = Debug|Any CPU
		{375F7969-8302-42D8-95CA-330F8C27D2CF}.Debug|x64.ActiveCfg = Debug|Any CPU
		{375F7969-8302-42D8-95CA-330F8C27D2CF}.Debug|x64.Build.0 = Debug|Any CPU
		{375F7969-8302-42D8-95CA-330F8C27D2CF}.Debug|x86.ActiveCfg = Debug|Any CPU
		{375F7969-8302-42D8-95CA-330F8C27D2CF}.Debug|x86.Build.0 = Debug|Any CPU
		{375F7969-8302-42D8-95CA-330F8C27D2CF}.Release|Any CPU.ActiveCfg = Release|Any CPU
		{375F7969-8302-42D8-95CA-330F8C27D2CF}.Release|Any CPU.Build.0 = Release|Any CPU
		{375F7969-8302-42D8-95CA-330F8C27D2CF}.Release|x64.ActiveCfg = Release|Any CPU
		{375F7969-8302-42D8-95CA-330F8C27D2CF}.Release|x64.Build.0 = Release|Any CPU
		{375F7969-8302-42D8-95CA-330F8C27D2CF}.Release|x86.ActiveCfg = Release|Any CPU
		{375F7969-8302-42D8-95CA-330F8C27D2CF}.Release|x86.Build.0 = Release|Any CPU
		{2F69FDA8-61AF-4AEF-8FE2-286793FC7390}.Debug|Any CPU.ActiveCfg = Debug|Any CPU
		{2F69FDA8-61AF-4AEF-8FE2-286793FC7390}.Debug|Any CPU.Build.0 = Debug|Any CPU
		{2F69FDA8-61AF-4AEF-8FE2-286793FC7390}.Debug|x64.ActiveCfg = Debug|Any CPU
		{2F69FDA8-61AF-4AEF-8FE2-286793FC7390}.Debug|x64.Build.0 = Debug|Any CPU
		{2F69FDA8-61AF-4AEF-8FE2-286793FC7390}.Debug|x86.ActiveCfg = Debug|Any CPU
		{2F69FDA8-61AF-4AEF-8FE2-286793FC7390}.Debug|x86.Build.0 = Debug|Any CPU
		{2F69FDA8-61AF-4AEF-8FE2-286793FC7390}.Release|Any CPU.ActiveCfg = Release|Any CPU
		{2F69FDA8-61AF-4AEF-8FE2-286793FC7390}.Release|Any CPU.Build.0 = Release|Any CPU
		{2F69FDA8-61AF-4AEF-8FE2-286793FC7390}.Release|x64.ActiveCfg = Release|Any CPU
		{2F69FDA8-61AF-4AEF-8FE2-286793FC7390}.Release|x64.Build.0 = Release|Any CPU
		{2F69FDA8-61AF-4AEF-8FE2-286793FC7390}.Release|x86.ActiveCfg = Release|Any CPU
		{2F69FDA8-61AF-4AEF-8FE2-286793FC7390}.Release|x86.Build.0 = Release|Any CPU
		{1000BCA1-11E8-458B-85E0-7F2B61C52C73}.Debug|Any CPU.ActiveCfg = Debug|Any CPU
		{1000BCA1-11E8-458B-85E0-7F2B61C52C73}.Debug|Any CPU.Build.0 = Debug|Any CPU
		{1000BCA1-11E8-458B-85E0-7F2B61C52C73}.Debug|x64.ActiveCfg = Debug|Any CPU
		{1000BCA1-11E8-458B-85E0-7F2B61C52C73}.Debug|x64.Build.0 = Debug|Any CPU
		{1000BCA1-11E8-458B-85E0-7F2B61C52C73}.Debug|x86.ActiveCfg = Debug|Any CPU
		{1000BCA1-11E8-458B-85E0-7F2B61C52C73}.Debug|x86.Build.0 = Debug|Any CPU
		{1000BCA1-11E8-458B-85E0-7F2B61C52C73}.Release|Any CPU.ActiveCfg = Release|Any CPU
		{1000BCA1-11E8-458B-85E0-7F2B61C52C73}.Release|Any CPU.Build.0 = Release|Any CPU
		{1000BCA1-11E8-458B-85E0-7F2B61C52C73}.Release|x64.ActiveCfg = Release|Any CPU
		{1000BCA1-11E8-458B-85E0-7F2B61C52C73}.Release|x64.Build.0 = Release|Any CPU
		{1000BCA1-11E8-458B-85E0-7F2B61C52C73}.Release|x86.ActiveCfg = Release|Any CPU
		{1000BCA1-11E8-458B-85E0-7F2B61C52C73}.Release|x86.Build.0 = Release|Any CPU
		{A5115A0A-7480-4AC7-BF68-684493667FBB}.Debug|Any CPU.ActiveCfg = Debug|Any CPU
		{A5115A0A-7480-4AC7-BF68-684493667FBB}.Debug|Any CPU.Build.0 = Debug|Any CPU
		{A5115A0A-7480-4AC7-BF68-684493667FBB}.Debug|x64.ActiveCfg = Debug|Any CPU
		{A5115A0A-7480-4AC7-BF68-684493667FBB}.Debug|x64.Build.0 = Debug|Any CPU
		{A5115A0A-7480-4AC7-BF68-684493667FBB}.Debug|x86.ActiveCfg = Debug|Any CPU
		{A5115A0A-7480-4AC7-BF68-684493667FBB}.Debug|x86.Build.0 = Debug|Any CPU
		{A5115A0A-7480-4AC7-BF68-684493667FBB}.Release|Any CPU.ActiveCfg = Release|Any CPU
		{A5115A0A-7480-4AC7-BF68-684493667FBB}.Release|Any CPU.Build.0 = Release|Any CPU
		{A5115A0A-7480-4AC7-BF68-684493667FBB}.Release|x64.ActiveCfg = Release|Any CPU
		{A5115A0A-7480-4AC7-BF68-684493667FBB}.Release|x64.Build.0 = Release|Any CPU
		{A5115A0A-7480-4AC7-BF68-684493667FBB}.Release|x86.ActiveCfg = Release|Any CPU
		{A5115A0A-7480-4AC7-BF68-684493667FBB}.Release|x86.Build.0 = Release|Any CPU
		{9E651B00-486D-4A2E-B559-E101C00A5360}.Debug|Any CPU.ActiveCfg = Debug|Any CPU
		{9E651B00-486D-4A2E-B559-E101C00A5360}.Debug|Any CPU.Build.0 = Debug|Any CPU
		{9E651B00-486D-4A2E-B559-E101C00A5360}.Debug|x64.ActiveCfg = Debug|Any CPU
		{9E651B00-486D-4A2E-B559-E101C00A5360}.Debug|x64.Build.0 = Debug|Any CPU
		{9E651B00-486D-4A2E-B559-E101C00A5360}.Debug|x86.ActiveCfg = Debug|Any CPU
		{9E651B00-486D-4A2E-B559-E101C00A5360}.Debug|x86.Build.0 = Debug|Any CPU
		{9E651B00-486D-4A2E-B559-E101C00A5360}.Release|Any CPU.ActiveCfg = Release|Any CPU
		{9E651B00-486D-4A2E-B559-E101C00A5360}.Release|Any CPU.Build.0 = Release|Any CPU
		{9E651B00-486D-4A2E-B559-E101C00A5360}.Release|x64.ActiveCfg = Release|Any CPU
		{9E651B00-486D-4A2E-B559-E101C00A5360}.Release|x64.Build.0 = Release|Any CPU
		{9E651B00-486D-4A2E-B559-E101C00A5360}.Release|x86.ActiveCfg = Release|Any CPU
		{9E651B00-486D-4A2E-B559-E101C00A5360}.Release|x86.Build.0 = Release|Any CPU
		{8E6A9EFC-E73D-4C27-BF8B-32E1A966697A}.Debug|Any CPU.ActiveCfg = Debug|Any CPU
		{8E6A9EFC-E73D-4C27-BF8B-32E1A966697A}.Debug|Any CPU.Build.0 = Debug|Any CPU
		{8E6A9EFC-E73D-4C27-BF8B-32E1A966697A}.Debug|x64.ActiveCfg = Debug|Any CPU
		{8E6A9EFC-E73D-4C27-BF8B-32E1A966697A}.Debug|x64.Build.0 = Debug|Any CPU
		{8E6A9EFC-E73D-4C27-BF8B-32E1A966697A}.Debug|x86.ActiveCfg = Debug|Any CPU
		{8E6A9EFC-E73D-4C27-BF8B-32E1A966697A}.Debug|x86.Build.0 = Debug|Any CPU
		{8E6A9EFC-E73D-4C27-BF8B-32E1A966697A}.Release|Any CPU.ActiveCfg = Release|Any CPU
		{8E6A9EFC-E73D-4C27-BF8B-32E1A966697A}.Release|Any CPU.Build.0 = Release|Any CPU
		{8E6A9EFC-E73D-4C27-BF8B-32E1A966697A}.Release|x64.ActiveCfg = Release|Any CPU
		{8E6A9EFC-E73D-4C27-BF8B-32E1A966697A}.Release|x64.Build.0 = Release|Any CPU
		{8E6A9EFC-E73D-4C27-BF8B-32E1A966697A}.Release|x86.ActiveCfg = Release|Any CPU
		{8E6A9EFC-E73D-4C27-BF8B-32E1A966697A}.Release|x86.Build.0 = Release|Any CPU
		{1BE944F2-EE12-4C1D-832A-BABB9879DC5D}.Debug|Any CPU.ActiveCfg = Debug|Any CPU
		{1BE944F2-EE12-4C1D-832A-BABB9879DC5D}.Debug|Any CPU.Build.0 = Debug|Any CPU
		{1BE944F2-EE12-4C1D-832A-BABB9879DC5D}.Debug|x64.ActiveCfg = Debug|Any CPU
		{1BE944F2-EE12-4C1D-832A-BABB9879DC5D}.Debug|x64.Build.0 = Debug|Any CPU
		{1BE944F2-EE12-4C1D-832A-BABB9879DC5D}.Debug|x86.ActiveCfg = Debug|Any CPU
		{1BE944F2-EE12-4C1D-832A-BABB9879DC5D}.Debug|x86.Build.0 = Debug|Any CPU
		{1BE944F2-EE12-4C1D-832A-BABB9879DC5D}.Release|Any CPU.ActiveCfg = Release|Any CPU
		{1BE944F2-EE12-4C1D-832A-BABB9879DC5D}.Release|Any CPU.Build.0 = Release|Any CPU
		{1BE944F2-EE12-4C1D-832A-BABB9879DC5D}.Release|x64.ActiveCfg = Release|Any CPU
		{1BE944F2-EE12-4C1D-832A-BABB9879DC5D}.Release|x64.Build.0 = Release|Any CPU
		{1BE944F2-EE12-4C1D-832A-BABB9879DC5D}.Release|x86.ActiveCfg = Release|Any CPU
		{1BE944F2-EE12-4C1D-832A-BABB9879DC5D}.Release|x86.Build.0 = Release|Any CPU
		{57A6ECE3-39F0-4A8F-B86B-385E9C6BAD01}.Debug|Any CPU.ActiveCfg = Debug|Any CPU
		{57A6ECE3-39F0-4A8F-B86B-385E9C6BAD01}.Debug|Any CPU.Build.0 = Debug|Any CPU
		{57A6ECE3-39F0-4A8F-B86B-385E9C6BAD01}.Debug|x64.ActiveCfg = Debug|Any CPU
		{57A6ECE3-39F0-4A8F-B86B-385E9C6BAD01}.Debug|x64.Build.0 = Debug|Any CPU
		{57A6ECE3-39F0-4A8F-B86B-385E9C6BAD01}.Debug|x86.ActiveCfg = Debug|Any CPU
		{57A6ECE3-39F0-4A8F-B86B-385E9C6BAD01}.Debug|x86.Build.0 = Debug|Any CPU
		{57A6ECE3-39F0-4A8F-B86B-385E9C6BAD01}.Release|Any CPU.ActiveCfg = Release|Any CPU
		{57A6ECE3-39F0-4A8F-B86B-385E9C6BAD01}.Release|Any CPU.Build.0 = Release|Any CPU
		{57A6ECE3-39F0-4A8F-B86B-385E9C6BAD01}.Release|x64.ActiveCfg = Release|Any CPU
		{57A6ECE3-39F0-4A8F-B86B-385E9C6BAD01}.Release|x64.Build.0 = Release|Any CPU
		{57A6ECE3-39F0-4A8F-B86B-385E9C6BAD01}.Release|x86.ActiveCfg = Release|Any CPU
		{57A6ECE3-39F0-4A8F-B86B-385E9C6BAD01}.Release|x86.Build.0 = Release|Any CPU
		{10CE5DA6-4665-4543-AF36-8492C1A55495}.Debug|Any CPU.ActiveCfg = Debug|Any CPU
		{10CE5DA6-4665-4543-AF36-8492C1A55495}.Debug|Any CPU.Build.0 = Debug|Any CPU
		{10CE5DA6-4665-4543-AF36-8492C1A55495}.Debug|x64.ActiveCfg = Debug|Any CPU
		{10CE5DA6-4665-4543-AF36-8492C1A55495}.Debug|x64.Build.0 = Debug|Any CPU
		{10CE5DA6-4665-4543-AF36-8492C1A55495}.Debug|x86.ActiveCfg = Debug|Any CPU
		{10CE5DA6-4665-4543-AF36-8492C1A55495}.Debug|x86.Build.0 = Debug|Any CPU
		{10CE5DA6-4665-4543-AF36-8492C1A55495}.Release|Any CPU.ActiveCfg = Release|Any CPU
		{10CE5DA6-4665-4543-AF36-8492C1A55495}.Release|Any CPU.Build.0 = Release|Any CPU
		{10CE5DA6-4665-4543-AF36-8492C1A55495}.Release|x64.ActiveCfg = Release|Any CPU
		{10CE5DA6-4665-4543-AF36-8492C1A55495}.Release|x64.Build.0 = Release|Any CPU
		{10CE5DA6-4665-4543-AF36-8492C1A55495}.Release|x86.ActiveCfg = Release|Any CPU
		{10CE5DA6-4665-4543-AF36-8492C1A55495}.Release|x86.Build.0 = Release|Any CPU
		{24581E85-75CE-4040-947D-0E3C5AE4C453}.Debug|Any CPU.ActiveCfg = Debug|Any CPU
		{24581E85-75CE-4040-947D-0E3C5AE4C453}.Debug|Any CPU.Build.0 = Debug|Any CPU
		{24581E85-75CE-4040-947D-0E3C5AE4C453}.Debug|x64.ActiveCfg = Debug|Any CPU
		{24581E85-75CE-4040-947D-0E3C5AE4C453}.Debug|x64.Build.0 = Debug|Any CPU
		{24581E85-75CE-4040-947D-0E3C5AE4C453}.Debug|x86.ActiveCfg = Debug|Any CPU
		{24581E85-75CE-4040-947D-0E3C5AE4C453}.Debug|x86.Build.0 = Debug|Any CPU
		{24581E85-75CE-4040-947D-0E3C5AE4C453}.Release|Any CPU.ActiveCfg = Release|Any CPU
		{24581E85-75CE-4040-947D-0E3C5AE4C453}.Release|Any CPU.Build.0 = Release|Any CPU
		{24581E85-75CE-4040-947D-0E3C5AE4C453}.Release|x64.ActiveCfg = Release|Any CPU
		{24581E85-75CE-4040-947D-0E3C5AE4C453}.Release|x64.Build.0 = Release|Any CPU
		{24581E85-75CE-4040-947D-0E3C5AE4C453}.Release|x86.ActiveCfg = Release|Any CPU
		{24581E85-75CE-4040-947D-0E3C5AE4C453}.Release|x86.Build.0 = Release|Any CPU
		{52DC91AD-29F4-4280-91EB-64483A31245D}.Debug|Any CPU.ActiveCfg = Debug|Any CPU
		{52DC91AD-29F4-4280-91EB-64483A31245D}.Debug|Any CPU.Build.0 = Debug|Any CPU
		{52DC91AD-29F4-4280-91EB-64483A31245D}.Debug|x64.ActiveCfg = Debug|Any CPU
		{52DC91AD-29F4-4280-91EB-64483A31245D}.Debug|x64.Build.0 = Debug|Any CPU
		{52DC91AD-29F4-4280-91EB-64483A31245D}.Debug|x86.ActiveCfg = Debug|Any CPU
		{52DC91AD-29F4-4280-91EB-64483A31245D}.Debug|x86.Build.0 = Debug|Any CPU
		{52DC91AD-29F4-4280-91EB-64483A31245D}.Release|Any CPU.ActiveCfg = Release|Any CPU
		{52DC91AD-29F4-4280-91EB-64483A31245D}.Release|Any CPU.Build.0 = Release|Any CPU
		{52DC91AD-29F4-4280-91EB-64483A31245D}.Release|x64.ActiveCfg = Release|Any CPU
		{52DC91AD-29F4-4280-91EB-64483A31245D}.Release|x64.Build.0 = Release|Any CPU
		{52DC91AD-29F4-4280-91EB-64483A31245D}.Release|x86.ActiveCfg = Release|Any CPU
		{52DC91AD-29F4-4280-91EB-64483A31245D}.Release|x86.Build.0 = Release|Any CPU
		{CC855473-3489-4552-BFCF-C81707D0644B}.Debug|Any CPU.ActiveCfg = Debug|Any CPU
		{CC855473-3489-4552-BFCF-C81707D0644B}.Debug|Any CPU.Build.0 = Debug|Any CPU
		{CC855473-3489-4552-BFCF-C81707D0644B}.Debug|x64.ActiveCfg = Debug|Any CPU
		{CC855473-3489-4552-BFCF-C81707D0644B}.Debug|x64.Build.0 = Debug|Any CPU
		{CC855473-3489-4552-BFCF-C81707D0644B}.Debug|x86.ActiveCfg = Debug|Any CPU
		{CC855473-3489-4552-BFCF-C81707D0644B}.Debug|x86.Build.0 = Debug|Any CPU
		{CC855473-3489-4552-BFCF-C81707D0644B}.Release|Any CPU.ActiveCfg = Release|Any CPU
		{CC855473-3489-4552-BFCF-C81707D0644B}.Release|Any CPU.Build.0 = Release|Any CPU
		{CC855473-3489-4552-BFCF-C81707D0644B}.Release|x64.ActiveCfg = Release|Any CPU
		{CC855473-3489-4552-BFCF-C81707D0644B}.Release|x64.Build.0 = Release|Any CPU
		{CC855473-3489-4552-BFCF-C81707D0644B}.Release|x86.ActiveCfg = Release|Any CPU
		{CC855473-3489-4552-BFCF-C81707D0644B}.Release|x86.Build.0 = Release|Any CPU
		{164BA3B4-6AA4-453D-97F8-054A52B86738}.Debug|Any CPU.ActiveCfg = Debug|Any CPU
		{164BA3B4-6AA4-453D-97F8-054A52B86738}.Debug|Any CPU.Build.0 = Debug|Any CPU
		{164BA3B4-6AA4-453D-97F8-054A52B86738}.Debug|x64.ActiveCfg = Debug|Any CPU
		{164BA3B4-6AA4-453D-97F8-054A52B86738}.Debug|x64.Build.0 = Debug|Any CPU
		{164BA3B4-6AA4-453D-97F8-054A52B86738}.Debug|x86.ActiveCfg = Debug|Any CPU
		{164BA3B4-6AA4-453D-97F8-054A52B86738}.Debug|x86.Build.0 = Debug|Any CPU
		{164BA3B4-6AA4-453D-97F8-054A52B86738}.Release|Any CPU.ActiveCfg = Release|Any CPU
		{164BA3B4-6AA4-453D-97F8-054A52B86738}.Release|Any CPU.Build.0 = Release|Any CPU
		{164BA3B4-6AA4-453D-97F8-054A52B86738}.Release|x64.ActiveCfg = Release|Any CPU
		{164BA3B4-6AA4-453D-97F8-054A52B86738}.Release|x64.Build.0 = Release|Any CPU
		{164BA3B4-6AA4-453D-97F8-054A52B86738}.Release|x86.ActiveCfg = Release|Any CPU
		{164BA3B4-6AA4-453D-97F8-054A52B86738}.Release|x86.Build.0 = Release|Any CPU
		{A7B10F0F-9278-4270-8AB5-DBFA71E3A1F9}.Debug|Any CPU.ActiveCfg = Debug|Any CPU
		{A7B10F0F-9278-4270-8AB5-DBFA71E3A1F9}.Debug|Any CPU.Build.0 = Debug|Any CPU
		{A7B10F0F-9278-4270-8AB5-DBFA71E3A1F9}.Debug|x64.ActiveCfg = Debug|Any CPU
		{A7B10F0F-9278-4270-8AB5-DBFA71E3A1F9}.Debug|x64.Build.0 = Debug|Any CPU
		{A7B10F0F-9278-4270-8AB5-DBFA71E3A1F9}.Debug|x86.ActiveCfg = Debug|Any CPU
		{A7B10F0F-9278-4270-8AB5-DBFA71E3A1F9}.Debug|x86.Build.0 = Debug|Any CPU
		{A7B10F0F-9278-4270-8AB5-DBFA71E3A1F9}.Release|Any CPU.ActiveCfg = Release|Any CPU
		{A7B10F0F-9278-4270-8AB5-DBFA71E3A1F9}.Release|Any CPU.Build.0 = Release|Any CPU
		{A7B10F0F-9278-4270-8AB5-DBFA71E3A1F9}.Release|x64.ActiveCfg = Release|Any CPU
		{A7B10F0F-9278-4270-8AB5-DBFA71E3A1F9}.Release|x64.Build.0 = Release|Any CPU
		{A7B10F0F-9278-4270-8AB5-DBFA71E3A1F9}.Release|x86.ActiveCfg = Release|Any CPU
		{A7B10F0F-9278-4270-8AB5-DBFA71E3A1F9}.Release|x86.Build.0 = Release|Any CPU
		{A2F3B772-4200-44F2-B174-6F65C1628A32}.Debug|Any CPU.ActiveCfg = Debug|Any CPU
		{A2F3B772-4200-44F2-B174-6F65C1628A32}.Debug|Any CPU.Build.0 = Debug|Any CPU
		{A2F3B772-4200-44F2-B174-6F65C1628A32}.Debug|x64.ActiveCfg = Debug|Any CPU
		{A2F3B772-4200-44F2-B174-6F65C1628A32}.Debug|x64.Build.0 = Debug|Any CPU
		{A2F3B772-4200-44F2-B174-6F65C1628A32}.Debug|x86.ActiveCfg = Debug|Any CPU
		{A2F3B772-4200-44F2-B174-6F65C1628A32}.Debug|x86.Build.0 = Debug|Any CPU
		{A2F3B772-4200-44F2-B174-6F65C1628A32}.Release|Any CPU.ActiveCfg = Release|Any CPU
		{A2F3B772-4200-44F2-B174-6F65C1628A32}.Release|Any CPU.Build.0 = Release|Any CPU
		{A2F3B772-4200-44F2-B174-6F65C1628A32}.Release|x64.ActiveCfg = Release|Any CPU
		{A2F3B772-4200-44F2-B174-6F65C1628A32}.Release|x64.Build.0 = Release|Any CPU
		{A2F3B772-4200-44F2-B174-6F65C1628A32}.Release|x86.ActiveCfg = Release|Any CPU
		{A2F3B772-4200-44F2-B174-6F65C1628A32}.Release|x86.Build.0 = Release|Any CPU
		{E977EE1E-87B5-497F-AC5A-5EDBC21F848C}.Debug|Any CPU.ActiveCfg = Debug|Any CPU
		{E977EE1E-87B5-497F-AC5A-5EDBC21F848C}.Debug|Any CPU.Build.0 = Debug|Any CPU
		{E977EE1E-87B5-497F-AC5A-5EDBC21F848C}.Debug|x64.ActiveCfg = Debug|Any CPU
		{E977EE1E-87B5-497F-AC5A-5EDBC21F848C}.Debug|x64.Build.0 = Debug|Any CPU
		{E977EE1E-87B5-497F-AC5A-5EDBC21F848C}.Debug|x86.ActiveCfg = Debug|Any CPU
		{E977EE1E-87B5-497F-AC5A-5EDBC21F848C}.Debug|x86.Build.0 = Debug|Any CPU
		{E977EE1E-87B5-497F-AC5A-5EDBC21F848C}.Release|Any CPU.ActiveCfg = Release|Any CPU
		{E977EE1E-87B5-497F-AC5A-5EDBC21F848C}.Release|Any CPU.Build.0 = Release|Any CPU
		{E977EE1E-87B5-497F-AC5A-5EDBC21F848C}.Release|x64.ActiveCfg = Release|Any CPU
		{E977EE1E-87B5-497F-AC5A-5EDBC21F848C}.Release|x64.Build.0 = Release|Any CPU
		{E977EE1E-87B5-497F-AC5A-5EDBC21F848C}.Release|x86.ActiveCfg = Release|Any CPU
		{E977EE1E-87B5-497F-AC5A-5EDBC21F848C}.Release|x86.Build.0 = Release|Any CPU
		{A3B2C1FA-CB7A-4A7C-BD4A-1B1864218702}.Debug|Any CPU.ActiveCfg = Debug|Any CPU
		{A3B2C1FA-CB7A-4A7C-BD4A-1B1864218702}.Debug|Any CPU.Build.0 = Debug|Any CPU
		{A3B2C1FA-CB7A-4A7C-BD4A-1B1864218702}.Debug|x64.ActiveCfg = Debug|Any CPU
		{A3B2C1FA-CB7A-4A7C-BD4A-1B1864218702}.Debug|x64.Build.0 = Debug|Any CPU
		{A3B2C1FA-CB7A-4A7C-BD4A-1B1864218702}.Debug|x86.ActiveCfg = Debug|Any CPU
		{A3B2C1FA-CB7A-4A7C-BD4A-1B1864218702}.Debug|x86.Build.0 = Debug|Any CPU
		{A3B2C1FA-CB7A-4A7C-BD4A-1B1864218702}.Release|Any CPU.ActiveCfg = Release|Any CPU
		{A3B2C1FA-CB7A-4A7C-BD4A-1B1864218702}.Release|Any CPU.Build.0 = Release|Any CPU
		{A3B2C1FA-CB7A-4A7C-BD4A-1B1864218702}.Release|x64.ActiveCfg = Release|Any CPU
		{A3B2C1FA-CB7A-4A7C-BD4A-1B1864218702}.Release|x64.Build.0 = Release|Any CPU
		{A3B2C1FA-CB7A-4A7C-BD4A-1B1864218702}.Release|x86.ActiveCfg = Release|Any CPU
		{A3B2C1FA-CB7A-4A7C-BD4A-1B1864218702}.Release|x86.Build.0 = Release|Any CPU
		{72A8D6D9-B222-4553-83AF-DD2402A3BBB6}.Debug|Any CPU.ActiveCfg = Debug|Any CPU
		{72A8D6D9-B222-4553-83AF-DD2402A3BBB6}.Debug|Any CPU.Build.0 = Debug|Any CPU
		{72A8D6D9-B222-4553-83AF-DD2402A3BBB6}.Debug|x64.ActiveCfg = Debug|Any CPU
		{72A8D6D9-B222-4553-83AF-DD2402A3BBB6}.Debug|x64.Build.0 = Debug|Any CPU
		{72A8D6D9-B222-4553-83AF-DD2402A3BBB6}.Debug|x86.ActiveCfg = Debug|Any CPU
		{72A8D6D9-B222-4553-83AF-DD2402A3BBB6}.Debug|x86.Build.0 = Debug|Any CPU
		{72A8D6D9-B222-4553-83AF-DD2402A3BBB6}.Release|Any CPU.ActiveCfg = Release|Any CPU
		{72A8D6D9-B222-4553-83AF-DD2402A3BBB6}.Release|Any CPU.Build.0 = Release|Any CPU
		{72A8D6D9-B222-4553-83AF-DD2402A3BBB6}.Release|x64.ActiveCfg = Release|Any CPU
		{72A8D6D9-B222-4553-83AF-DD2402A3BBB6}.Release|x64.Build.0 = Release|Any CPU
		{72A8D6D9-B222-4553-83AF-DD2402A3BBB6}.Release|x86.ActiveCfg = Release|Any CPU
		{72A8D6D9-B222-4553-83AF-DD2402A3BBB6}.Release|x86.Build.0 = Release|Any CPU
		{479EBDDF-173A-483A-B872-790BD39F28C1}.Debug|Any CPU.ActiveCfg = Debug|Any CPU
		{479EBDDF-173A-483A-B872-790BD39F28C1}.Debug|Any CPU.Build.0 = Debug|Any CPU
		{479EBDDF-173A-483A-B872-790BD39F28C1}.Debug|x64.ActiveCfg = Debug|Any CPU
		{479EBDDF-173A-483A-B872-790BD39F28C1}.Debug|x64.Build.0 = Debug|Any CPU
		{479EBDDF-173A-483A-B872-790BD39F28C1}.Debug|x86.ActiveCfg = Debug|Any CPU
		{479EBDDF-173A-483A-B872-790BD39F28C1}.Debug|x86.Build.0 = Debug|Any CPU
		{479EBDDF-173A-483A-B872-790BD39F28C1}.Release|Any CPU.ActiveCfg = Release|Any CPU
		{479EBDDF-173A-483A-B872-790BD39F28C1}.Release|Any CPU.Build.0 = Release|Any CPU
		{479EBDDF-173A-483A-B872-790BD39F28C1}.Release|x64.ActiveCfg = Release|Any CPU
		{479EBDDF-173A-483A-B872-790BD39F28C1}.Release|x64.Build.0 = Release|Any CPU
		{479EBDDF-173A-483A-B872-790BD39F28C1}.Release|x86.ActiveCfg = Release|Any CPU
		{479EBDDF-173A-483A-B872-790BD39F28C1}.Release|x86.Build.0 = Release|Any CPU
		{73740010-058C-4631-81A7-706389AAC853}.Debug|Any CPU.ActiveCfg = Debug|Any CPU
		{73740010-058C-4631-81A7-706389AAC853}.Debug|Any CPU.Build.0 = Debug|Any CPU
		{73740010-058C-4631-81A7-706389AAC853}.Debug|x64.ActiveCfg = Debug|Any CPU
		{73740010-058C-4631-81A7-706389AAC853}.Debug|x64.Build.0 = Debug|Any CPU
		{73740010-058C-4631-81A7-706389AAC853}.Debug|x86.ActiveCfg = Debug|Any CPU
		{73740010-058C-4631-81A7-706389AAC853}.Debug|x86.Build.0 = Debug|Any CPU
		{73740010-058C-4631-81A7-706389AAC853}.Release|Any CPU.ActiveCfg = Release|Any CPU
		{73740010-058C-4631-81A7-706389AAC853}.Release|Any CPU.Build.0 = Release|Any CPU
		{73740010-058C-4631-81A7-706389AAC853}.Release|x64.ActiveCfg = Release|Any CPU
		{73740010-058C-4631-81A7-706389AAC853}.Release|x64.Build.0 = Release|Any CPU
		{73740010-058C-4631-81A7-706389AAC853}.Release|x86.ActiveCfg = Release|Any CPU
		{73740010-058C-4631-81A7-706389AAC853}.Release|x86.Build.0 = Release|Any CPU
		{8ED3CE80-D889-4ECD-8809-78C0D0FBA046}.Debug|Any CPU.ActiveCfg = Debug|Any CPU
		{8ED3CE80-D889-4ECD-8809-78C0D0FBA046}.Debug|Any CPU.Build.0 = Debug|Any CPU
		{8ED3CE80-D889-4ECD-8809-78C0D0FBA046}.Debug|x64.ActiveCfg = Debug|Any CPU
		{8ED3CE80-D889-4ECD-8809-78C0D0FBA046}.Debug|x64.Build.0 = Debug|Any CPU
		{8ED3CE80-D889-4ECD-8809-78C0D0FBA046}.Debug|x86.ActiveCfg = Debug|Any CPU
		{8ED3CE80-D889-4ECD-8809-78C0D0FBA046}.Debug|x86.Build.0 = Debug|Any CPU
		{8ED3CE80-D889-4ECD-8809-78C0D0FBA046}.Release|Any CPU.ActiveCfg = Release|Any CPU
		{8ED3CE80-D889-4ECD-8809-78C0D0FBA046}.Release|Any CPU.Build.0 = Release|Any CPU
		{8ED3CE80-D889-4ECD-8809-78C0D0FBA046}.Release|x64.ActiveCfg = Release|Any CPU
		{8ED3CE80-D889-4ECD-8809-78C0D0FBA046}.Release|x64.Build.0 = Release|Any CPU
		{8ED3CE80-D889-4ECD-8809-78C0D0FBA046}.Release|x86.ActiveCfg = Release|Any CPU
		{8ED3CE80-D889-4ECD-8809-78C0D0FBA046}.Release|x86.Build.0 = Release|Any CPU
		{6311ED68-A2CF-4AD5-884E-7B7D971B322F}.Debug|Any CPU.ActiveCfg = Debug|Any CPU
		{6311ED68-A2CF-4AD5-884E-7B7D971B322F}.Debug|Any CPU.Build.0 = Debug|Any CPU
		{6311ED68-A2CF-4AD5-884E-7B7D971B322F}.Debug|x64.ActiveCfg = Debug|Any CPU
		{6311ED68-A2CF-4AD5-884E-7B7D971B322F}.Debug|x64.Build.0 = Debug|Any CPU
		{6311ED68-A2CF-4AD5-884E-7B7D971B322F}.Debug|x86.ActiveCfg = Debug|Any CPU
		{6311ED68-A2CF-4AD5-884E-7B7D971B322F}.Debug|x86.Build.0 = Debug|Any CPU
		{6311ED68-A2CF-4AD5-884E-7B7D971B322F}.Release|Any CPU.ActiveCfg = Release|Any CPU
		{6311ED68-A2CF-4AD5-884E-7B7D971B322F}.Release|Any CPU.Build.0 = Release|Any CPU
		{6311ED68-A2CF-4AD5-884E-7B7D971B322F}.Release|x64.ActiveCfg = Release|Any CPU
		{6311ED68-A2CF-4AD5-884E-7B7D971B322F}.Release|x64.Build.0 = Release|Any CPU
		{6311ED68-A2CF-4AD5-884E-7B7D971B322F}.Release|x86.ActiveCfg = Release|Any CPU
		{6311ED68-A2CF-4AD5-884E-7B7D971B322F}.Release|x86.Build.0 = Release|Any CPU
		{9984ACFC-025B-4FE9-BF28-CA4B44847582}.Debug|Any CPU.ActiveCfg = Debug|Any CPU
		{9984ACFC-025B-4FE9-BF28-CA4B44847582}.Debug|Any CPU.Build.0 = Debug|Any CPU
		{9984ACFC-025B-4FE9-BF28-CA4B44847582}.Debug|x64.ActiveCfg = Debug|Any CPU
		{9984ACFC-025B-4FE9-BF28-CA4B44847582}.Debug|x64.Build.0 = Debug|Any CPU
		{9984ACFC-025B-4FE9-BF28-CA4B44847582}.Debug|x86.ActiveCfg = Debug|Any CPU
		{9984ACFC-025B-4FE9-BF28-CA4B44847582}.Debug|x86.Build.0 = Debug|Any CPU
		{9984ACFC-025B-4FE9-BF28-CA4B44847582}.Release|Any CPU.ActiveCfg = Release|Any CPU
		{9984ACFC-025B-4FE9-BF28-CA4B44847582}.Release|Any CPU.Build.0 = Release|Any CPU
		{9984ACFC-025B-4FE9-BF28-CA4B44847582}.Release|x64.ActiveCfg = Release|Any CPU
		{9984ACFC-025B-4FE9-BF28-CA4B44847582}.Release|x64.Build.0 = Release|Any CPU
		{9984ACFC-025B-4FE9-BF28-CA4B44847582}.Release|x86.ActiveCfg = Release|Any CPU
		{9984ACFC-025B-4FE9-BF28-CA4B44847582}.Release|x86.Build.0 = Release|Any CPU
		{3D324AEA-2EC6-45C9-AAC5-E0E04CFA5B38}.Debug|Any CPU.ActiveCfg = Debug|Win32
		{3D324AEA-2EC6-45C9-AAC5-E0E04CFA5B38}.Debug|x64.ActiveCfg = Debug|x64
		{3D324AEA-2EC6-45C9-AAC5-E0E04CFA5B38}.Debug|x64.Build.0 = Debug|x64
		{3D324AEA-2EC6-45C9-AAC5-E0E04CFA5B38}.Debug|x86.ActiveCfg = Debug|Win32
		{3D324AEA-2EC6-45C9-AAC5-E0E04CFA5B38}.Debug|x86.Build.0 = Debug|Win32
		{3D324AEA-2EC6-45C9-AAC5-E0E04CFA5B38}.Release|Any CPU.ActiveCfg = Release|Win32
		{3D324AEA-2EC6-45C9-AAC5-E0E04CFA5B38}.Release|x64.ActiveCfg = Release|x64
		{3D324AEA-2EC6-45C9-AAC5-E0E04CFA5B38}.Release|x64.Build.0 = Release|x64
		{3D324AEA-2EC6-45C9-AAC5-E0E04CFA5B38}.Release|x86.ActiveCfg = Release|Win32
		{3D324AEA-2EC6-45C9-AAC5-E0E04CFA5B38}.Release|x86.Build.0 = Release|Win32
		{94B29C23-762C-4CDA-A36A-B180E0551298}.Debug|Any CPU.ActiveCfg = Debug|Any CPU
		{94B29C23-762C-4CDA-A36A-B180E0551298}.Debug|Any CPU.Build.0 = Debug|Any CPU
		{94B29C23-762C-4CDA-A36A-B180E0551298}.Debug|x64.ActiveCfg = Debug|Any CPU
		{94B29C23-762C-4CDA-A36A-B180E0551298}.Debug|x64.Build.0 = Debug|Any CPU
		{94B29C23-762C-4CDA-A36A-B180E0551298}.Debug|x86.ActiveCfg = Debug|Any CPU
		{94B29C23-762C-4CDA-A36A-B180E0551298}.Debug|x86.Build.0 = Debug|Any CPU
		{94B29C23-762C-4CDA-A36A-B180E0551298}.Release|Any CPU.ActiveCfg = Release|Any CPU
		{94B29C23-762C-4CDA-A36A-B180E0551298}.Release|Any CPU.Build.0 = Release|Any CPU
		{94B29C23-762C-4CDA-A36A-B180E0551298}.Release|x64.ActiveCfg = Release|Any CPU
		{94B29C23-762C-4CDA-A36A-B180E0551298}.Release|x64.Build.0 = Release|Any CPU
		{94B29C23-762C-4CDA-A36A-B180E0551298}.Release|x86.ActiveCfg = Release|Any CPU
		{94B29C23-762C-4CDA-A36A-B180E0551298}.Release|x86.Build.0 = Release|Any CPU
		{CAB85E25-4E51-4B9B-95EB-D5B1378EF100}.Debug|Any CPU.ActiveCfg = Debug|Win32
		{CAB85E25-4E51-4B9B-95EB-D5B1378EF100}.Debug|x64.ActiveCfg = Debug|x64
		{CAB85E25-4E51-4B9B-95EB-D5B1378EF100}.Debug|x64.Build.0 = Debug|x64
		{CAB85E25-4E51-4B9B-95EB-D5B1378EF100}.Debug|x86.ActiveCfg = Debug|Win32
		{CAB85E25-4E51-4B9B-95EB-D5B1378EF100}.Debug|x86.Build.0 = Debug|Win32
		{CAB85E25-4E51-4B9B-95EB-D5B1378EF100}.Release|Any CPU.ActiveCfg = Release|Win32
		{CAB85E25-4E51-4B9B-95EB-D5B1378EF100}.Release|x64.ActiveCfg = Release|x64
		{CAB85E25-4E51-4B9B-95EB-D5B1378EF100}.Release|x64.Build.0 = Release|x64
		{CAB85E25-4E51-4B9B-95EB-D5B1378EF100}.Release|x86.ActiveCfg = Release|Win32
		{CAB85E25-4E51-4B9B-95EB-D5B1378EF100}.Release|x86.Build.0 = Release|Win32
	EndGlobalSection
	GlobalSection(SolutionProperties) = preSolution
		HideSolutionNode = FALSE
	EndGlobalSection
	GlobalSection(ExtensibilityGlobals) = postSolution
		SolutionGuid = {AD4BEE60-A97F-4842-BFB4-D373CA8F5752}
	EndGlobalSection
EndGlobal
